// !$*UTF8*$!
{
	archiveVersion = 1;
	classes = {
	};
	objectVersion = 46;
	objects = {

/* Begin PBXBuildFile section */
		0827700C1B5CC1EC00B602C6 /* main.m in Sources */ = {isa = PBXBuildFile; fileRef = 0827700B1B5CC1EC00B602C6 /* main.m */; };
		0827700F1B5CC1EC00B602C6 /* AppDelegate.m in Sources */ = {isa = PBXBuildFile; fileRef = 0827700E1B5CC1EC00B602C6 /* AppDelegate.m */; };
		082770121B5CC1EC00B602C6 /* ViewController.m in Sources */ = {isa = PBXBuildFile; fileRef = 082770111B5CC1EC00B602C6 /* ViewController.m */; };
		082770151B5CC1EC00B602C6 /* Main.storyboard in Resources */ = {isa = PBXBuildFile; fileRef = 082770131B5CC1EC00B602C6 /* Main.storyboard */; };
		082770171B5CC1EC00B602C6 /* Images.xcassets in Resources */ = {isa = PBXBuildFile; fileRef = 082770161B5CC1EC00B602C6 /* Images.xcassets */; };
		0827701A1B5CC1EC00B602C6 /* LaunchScreen.xib in Resources */ = {isa = PBXBuildFile; fileRef = 082770181B5CC1EC00B602C6 /* LaunchScreen.xib */; };
		3BA7C6311B5D50E900369046 /* MyCustomClass.m in Sources */ = {isa = PBXBuildFile; fileRef = 3BA7C6251B5D50E900369046 /* MyCustomClass.m */; };
		3BA7C6321B5D50E900369046 /* MyProtocals.m in Sources */ = {isa = PBXBuildFile; fileRef = 3BA7C6271B5D50E900369046 /* MyProtocals.m */; };
		3BA7C6331B5D50E900369046 /* MyWebServiceHelper.m in Sources */ = {isa = PBXBuildFile; fileRef = 3BA7C6291B5D50E900369046 /* MyWebServiceHelper.m */; };
		3BA7C6341B5D50E900369046 /* Reuse.m in Sources */ = {isa = PBXBuildFile; fileRef = 3BA7C62B1B5D50E900369046 /* Reuse.m */; };
		3BA7C6351B5D50E900369046 /* SVProgressHUD.bundle in Resources */ = {isa = PBXBuildFile; fileRef = 3BA7C62C1B5D50E900369046 /* SVProgressHUD.bundle */; };
		3BA7C6361B5D50E900369046 /* SVProgressHUD.m in Sources */ = {isa = PBXBuildFile; fileRef = 3BA7C62E1B5D50E900369046 /* SVProgressHUD.m */; };
		542A1FCB1B5D92CF004BD438 /* DetailsViewController.m in Sources */ = {isa = PBXBuildFile; fileRef = 542A1FCA1B5D92CF004BD438 /* DetailsViewController.m */; };
/* End PBXBuildFile section */

/* Begin PBXFileReference section */
		082770061B5CC1EC00B602C6 /* Interview_Application.app */ = {isa = PBXFileReference; explicitFileType = wrapper.application; includeInIndex = 0; path = Interview_Application.app; sourceTree = BUILT_PRODUCTS_DIR; };
		0827700A1B5CC1EC00B602C6 /* Info.plist */ = {isa = PBXFileReference; lastKnownFileType = text.plist.xml; path = Info.plist; sourceTree = "<group>"; };
		0827700B1B5CC1EC00B602C6 /* main.m */ = {isa = PBXFileReference; lastKnownFileType = sourcecode.c.objc; path = main.m; sourceTree = "<group>"; };
		0827700D1B5CC1EC00B602C6 /* AppDelegate.h */ = {isa = PBXFileReference; lastKnownFileType = sourcecode.c.h; path = AppDelegate.h; sourceTree = "<group>"; };
		0827700E1B5CC1EC00B602C6 /* AppDelegate.m */ = {isa = PBXFileReference; lastKnownFileType = sourcecode.c.objc; path = AppDelegate.m; sourceTree = "<group>"; };
		082770101B5CC1EC00B602C6 /* ViewController.h */ = {isa = PBXFileReference; lastKnownFileType = sourcecode.c.h; path = ViewController.h; sourceTree = "<group>"; };
		082770111B5CC1EC00B602C6 /* ViewController.m */ = {isa = PBXFileReference; lastKnownFileType = sourcecode.c.objc; path = ViewController.m; sourceTree = "<group>"; };
		082770141B5CC1EC00B602C6 /* Base */ = {isa = PBXFileReference; lastKnownFileType = file.storyboard; name = Base; path = Base.lproj/Main.storyboard; sourceTree = "<group>"; };
		082770161B5CC1EC00B602C6 /* Images.xcassets */ = {isa = PBXFileReference; lastKnownFileType = folder.assetcatalog; path = Images.xcassets; sourceTree = "<group>"; };
		082770191B5CC1EC00B602C6 /* Base */ = {isa = PBXFileReference; lastKnownFileType = file.xib; name = Base; path = Base.lproj/LaunchScreen.xib; sourceTree = "<group>"; };
		3BA7C6241B5D50E900369046 /* MyCustomClass.h */ = {isa = PBXFileReference; fileEncoding = 4; lastKnownFileType = sourcecode.c.h; path = MyCustomClass.h; sourceTree = "<group>"; };
		3BA7C6251B5D50E900369046 /* MyCustomClass.m */ = {isa = PBXFileReference; fileEncoding = 4; lastKnownFileType = sourcecode.c.objc; path = MyCustomClass.m; sourceTree = "<group>"; };
		3BA7C6261B5D50E900369046 /* MyProtocals.h */ = {isa = PBXFileReference; fileEncoding = 4; lastKnownFileType = sourcecode.c.h; path = MyProtocals.h; sourceTree = "<group>"; };
		3BA7C6271B5D50E900369046 /* MyProtocals.m */ = {isa = PBXFileReference; fileEncoding = 4; lastKnownFileType = sourcecode.c.objc; path = MyProtocals.m; sourceTree = "<group>"; };
		3BA7C6281B5D50E900369046 /* MyWebServiceHelper.h */ = {isa = PBXFileReference; fileEncoding = 4; lastKnownFileType = sourcecode.c.h; path = MyWebServiceHelper.h; sourceTree = "<group>"; };
		3BA7C6291B5D50E900369046 /* MyWebServiceHelper.m */ = {isa = PBXFileReference; fileEncoding = 4; lastKnownFileType = sourcecode.c.objc; path = MyWebServiceHelper.m; sourceTree = "<group>"; };
		3BA7C62A1B5D50E900369046 /* Reuse.h */ = {isa = PBXFileReference; fileEncoding = 4; lastKnownFileType = sourcecode.c.h; path = Reuse.h; sourceTree = "<group>"; };
		3BA7C62B1B5D50E900369046 /* Reuse.m */ = {isa = PBXFileReference; fileEncoding = 4; lastKnownFileType = sourcecode.c.objc; path = Reuse.m; sourceTree = "<group>"; };
		3BA7C62C1B5D50E900369046 /* SVProgressHUD.bundle */ = {isa = PBXFileReference; lastKnownFileType = "wrapper.plug-in"; path = SVProgressHUD.bundle; sourceTree = "<group>"; };
		3BA7C62D1B5D50E900369046 /* SVProgressHUD.h */ = {isa = PBXFileReference; fileEncoding = 4; lastKnownFileType = sourcecode.c.h; path = SVProgressHUD.h; sourceTree = "<group>"; };
		3BA7C62E1B5D50E900369046 /* SVProgressHUD.m */ = {isa = PBXFileReference; fileEncoding = 4; lastKnownFileType = sourcecode.c.objc; path = SVProgressHUD.m; sourceTree = "<group>"; };
		542A1FC91B5D92CF004BD438 /* DetailsViewController.h */ = {isa = PBXFileReference; fileEncoding = 4; lastKnownFileType = sourcecode.c.h; path = DetailsViewController.h; sourceTree = "<group>"; };
		542A1FCA1B5D92CF004BD438 /* DetailsViewController.m */ = {isa = PBXFileReference; fileEncoding = 4; lastKnownFileType = sourcecode.c.objc; path = DetailsViewController.m; sourceTree = "<group>"; };
/* End PBXFileReference section */

/* Begin PBXFrameworksBuildPhase section */
		082770031B5CC1EC00B602C6 /* Frameworks */ = {
			isa = PBXFrameworksBuildPhase;
			buildActionMask = 2147483647;
			files = (
			);
			runOnlyForDeploymentPostprocessing = 0;
		};
/* End PBXFrameworksBuildPhase section */

/* Begin PBXGroup section */
		08276FFD1B5CC1EC00B602C6 = {
			isa = PBXGroup;
			children = (
				082770081B5CC1EC00B602C6 /* Interview_Application */,
				082770071B5CC1EC00B602C6 /* Products */,
			);
			sourceTree = "<group>";
		};
		082770071B5CC1EC00B602C6 /* Products */ = {
			isa = PBXGroup;
			children = (
				082770061B5CC1EC00B602C6 /* Interview_Application.app */,
			);
			name = Products;
			sourceTree = "<group>";
		};
		082770081B5CC1EC00B602C6 /* Interview_Application */ = {
			isa = PBXGroup;
			children = (
				3BA7C61F1B5D50E900369046 /* MyCustom */,
				0827700D1B5CC1EC00B602C6 /* AppDelegate.h */,
				0827700E1B5CC1EC00B602C6 /* AppDelegate.m */,
				082770101B5CC1EC00B602C6 /* ViewController.h */,
				082770111B5CC1EC00B602C6 /* ViewController.m */,
				542A1FC91B5D92CF004BD438 /* DetailsViewController.h */,
				542A1FCA1B5D92CF004BD438 /* DetailsViewController.m */,
				082770131B5CC1EC00B602C6 /* Main.storyboard */,
				082770161B5CC1EC00B602C6 /* Images.xcassets */,
				082770181B5CC1EC00B602C6 /* LaunchScreen.xib */,
				082770091B5CC1EC00B602C6 /* Supporting Files */,
			);
			path = Interview_Application;
			sourceTree = "<group>";
		};
		082770091B5CC1EC00B602C6 /* Supporting Files */ = {
			isa = PBXGroup;
			children = (
				0827700A1B5CC1EC00B602C6 /* Info.plist */,
				0827700B1B5CC1EC00B602C6 /* main.m */,
			);
			name = "Supporting Files";
			sourceTree = "<group>";
		};
		3BA7C61F1B5D50E900369046 /* MyCustom */ = {
			isa = PBXGroup;
			children = (
				3BA7C6241B5D50E900369046 /* MyCustomClass.h */,
				3BA7C6251B5D50E900369046 /* MyCustomClass.m */,
				3BA7C6261B5D50E900369046 /* MyProtocals.h */,
				3BA7C6271B5D50E900369046 /* MyProtocals.m */,
				3BA7C6281B5D50E900369046 /* MyWebServiceHelper.h */,
				3BA7C6291B5D50E900369046 /* MyWebServiceHelper.m */,
				3BA7C62A1B5D50E900369046 /* Reuse.h */,
				3BA7C62B1B5D50E900369046 /* Reuse.m */,
				3BA7C62C1B5D50E900369046 /* SVProgressHUD.bundle */,
				3BA7C62D1B5D50E900369046 /* SVProgressHUD.h */,
				3BA7C62E1B5D50E900369046 /* SVProgressHUD.m */,
			);
			path = MyCustom;
			sourceTree = "<group>";
		};
/* End PBXGroup section */

/* Begin PBXNativeTarget section */
		082770051B5CC1EC00B602C6 /* Interview_Application */ = {
			isa = PBXNativeTarget;
			buildConfigurationList = 082770291B5CC1ED00B602C6 /* Build configuration list for PBXNativeTarget "Interview_Application" */;
			buildPhases = (
				082770021B5CC1EC00B602C6 /* Sources */,
				082770031B5CC1EC00B602C6 /* Frameworks */,
				082770041B5CC1EC00B602C6 /* Resources */,
			);
			buildRules = (
			);
			dependencies = (
			);
			name = Interview_Application;
			productName = Interview_Application;
			productReference = 082770061B5CC1EC00B602C6 /* Interview_Application.app */;
			productType = "com.apple.product-type.application";
		};
/* End PBXNativeTarget section */

/* Begin PBXProject section */
		08276FFE1B5CC1EC00B602C6 /* Project object */ = {
			isa = PBXProject;
			attributes = {
				LastUpgradeCheck = 0630;
				ORGANIZATIONNAME = "Swathi Rathan";
				TargetAttributes = {
					082770051B5CC1EC00B602C6 = {
						CreatedOnToolsVersion = 6.3.1;
					};
				};
			};
			buildConfigurationList = 082770011B5CC1EC00B602C6 /* Build configuration list for PBXProject "Interview_Application" */;
			compatibilityVersion = "Xcode 3.2";
			developmentRegion = English;
			hasScannedForEncodings = 0;
			knownRegions = (
				en,
				Base,
			);
			mainGroup = 08276FFD1B5CC1EC00B602C6;
			productRefGroup = 082770071B5CC1EC00B602C6 /* Products */;
			projectDirPath = "";
			projectRoot = "";
			targets = (
				082770051B5CC1EC00B602C6 /* Interview_Application */,
			);
		};
/* End PBXProject section */

/* Begin PBXResourcesBuildPhase section */
		082770041B5CC1EC00B602C6 /* Resources */ = {
			isa = PBXResourcesBuildPhase;
			buildActionMask = 2147483647;
			files = (
				082770151B5CC1EC00B602C6 /* Main.storyboard in Resources */,
				0827701A1B5CC1EC00B602C6 /* LaunchScreen.xib in Resources */,
				082770171B5CC1EC00B602C6 /* Images.xcassets in Resources */,
				3BA7C6351B5D50E900369046 /* SVProgressHUD.bundle in Resources */,
			);
			runOnlyForDeploymentPostprocessing = 0;
		};
/* End PBXResourcesBuildPhase section */

/* Begin PBXSourcesBuildPhase section */
		082770021B5CC1EC00B602C6 /* Sources */ = {
			isa = PBXSourcesBuildPhase;
			buildActionMask = 2147483647;
			files = (
				082770121B5CC1EC00B602C6 /* ViewController.m in Sources */,
				3BA7C6311B5D50E900369046 /* MyCustomClass.m in Sources */,
				0827700F1B5CC1EC00B602C6 /* AppDelegate.m in Sources */,
				3BA7C6331B5D50E900369046 /* MyWebServiceHelper.m in Sources */,
				3BA7C6321B5D50E900369046 /* MyProtocals.m in Sources */,
				0827700C1B5CC1EC00B602C6 /* main.m in Sources */,
				542A1FCB1B5D92CF004BD438 /* DetailsViewController.m in Sources */,
				3BA7C6341B5D50E900369046 /* Reuse.m in Sources */,
				3BA7C6361B5D50E900369046 /* SVProgressHUD.m in Sources */,
			);
			runOnlyForDeploymentPostprocessing = 0;
		};
/* End PBXSourcesBuildPhase section */

/* Begin PBXVariantGroup section */
		082770131B5CC1EC00B602C6 /* Main.storyboard */ = {
			isa = PBXVariantGroup;
			children = (
				082770141B5CC1EC00B602C6 /* Base */,
			);
			name = Main.storyboard;
			sourceTree = "<group>";
		};
		082770181B5CC1EC00B602C6 /* LaunchScreen.xib */ = {
			isa = PBXVariantGroup;
			children = (
				082770191B5CC1EC00B602C6 /* Base */,
			);
			name = LaunchScreen.xib;
			sourceTree = "<group>";
		};
/* End PBXVariantGroup section */

/* Begin XCBuildConfiguration section */
		082770271B5CC1ED00B602C6 /* Debug */ = {
			isa = XCBuildConfiguration;
			buildSettings = {
				ALWAYS_SEARCH_USER_PATHS = NO;
				CLANG_CXX_LANGUAGE_STANDARD = "gnu++0x";
				CLANG_CXX_LIBRARY = "libc++";
				CLANG_ENABLE_MODULES = YES;
				CLANG_ENABLE_OBJC_ARC = YES;
				CLANG_WARN_BOOL_CONVERSION = YES;
				CLANG_WARN_CONSTANT_CONVERSION = YES;
				CLANG_WARN_DIRECT_OBJC_ISA_USAGE = YES_ERROR;
				CLANG_WARN_EMPTY_BODY = YES;
				CLANG_WARN_ENUM_CONVERSION = YES;
				CLANG_WARN_INT_CONVERSION = YES;
				CLANG_WARN_OBJC_ROOT_CLASS = YES_ERROR;
				CLANG_WARN_UNREACHABLE_CODE = YES;
				CLANG_WARN__DUPLICATE_METHOD_MATCH = YES;
				"CODE_SIGN_IDENTITY[sdk=iphoneos*]" = "iPhone Developer";
				COPY_PHASE_STRIP = NO;
				DEBUG_INFORMATION_FORMAT = "dwarf-with-dsym";
				ENABLE_STRICT_OBJC_MSGSEND = YES;
				GCC_C_LANGUAGE_STANDARD = gnu99;
				GCC_DYNAMIC_NO_PIC = NO;
				GCC_NO_COMMON_BLOCKS = YES;
				GCC_OPTIMIZATION_LEVEL = 0;
				GCC_PREPROCESSOR_DEFINITIONS = (
					"DEBUG=1",
					"$(inherited)",
				);
				GCC_SYMBOLS_PRIVATE_EXTERN = NO;
				GCC_WARN_64_TO_32_BIT_CONVERSION = YES;
				GCC_WARN_ABOUT_RETURN_TYPE = YES_ERROR;
				GCC_WARN_UNDECLARED_SELECTOR = YES;
				GCC_WARN_UNINITIALIZED_AUTOS = YES_AGGRESSIVE;
				GCC_WARN_UNUSED_FUNCTION = YES;
				GCC_WARN_UNUSED_VARIABLE = YES;
				IPHONEOS_DEPLOYMENT_TARGET = 8.3;
				MTL_ENABLE_DEBUG_INFO = YES;
				ONLY_ACTIVE_ARCH = YES;
				SDKROOT = iphoneos;
			};
			name = Debug;
		};
		082770281B5CC1ED00B602C6 /* Release */ = {
			isa = XCBuildConfiguration;
			buildSettings = {
				ALWAYS_SEARCH_USER_PATHS = NO;
				CLANG_CXX_LANGUAGE_STANDARD = "gnu++0x";
				CLANG_CXX_LIBRARY = "libc++";
				CLANG_ENABLE_MODULES = YES;
				CLANG_ENABLE_OBJC_ARC = YES;
				CLANG_WARN_BOOL_CONVERSION = YES;
				CLANG_WARN_CONSTANT_CONVERSION = YES;
				CLANG_WARN_DIRECT_OBJC_ISA_USAGE = YES_ERROR;
				CLANG_WARN_EMPTY_BODY = YES;
				CLANG_WARN_ENUM_CONVERSION = YES;
				CLANG_WARN_INT_CONVERSION = YES;
				CLANG_WARN_OBJC_ROOT_CLASS = YES_ERROR;
				CLANG_WARN_UNREACHABLE_CODE = YES;
				CLANG_WARN__DUPLICATE_METHOD_MATCH = YES;
				"CODE_SIGN_IDENTITY[sdk=iphoneos*]" = "iPhone Developer";
				COPY_PHASE_STRIP = NO;
				DEBUG_INFORMATION_FORMAT = "dwarf-with-dsym";
				ENABLE_NS_ASSERTIONS = NO;
				ENABLE_STRICT_OBJC_MSGSEND = YES;
				GCC_C_LANGUAGE_STANDARD = gnu99;
				GCC_NO_COMMON_BLOCKS = YES;
				GCC_WARN_64_TO_32_BIT_CONVERSION = YES;
				GCC_WARN_ABOUT_RETURN_TYPE = YES_ERROR;
				GCC_WARN_UNDECLARED_SELECTOR = YES;
				GCC_WARN_UNINITIALIZED_AUTOS = YES_AGGRESSIVE;
				GCC_WARN_UNUSED_FUNCTION = YES;
				GCC_WARN_UNUSED_VARIABLE = YES;
				IPHONEOS_DEPLOYMENT_TARGET = 8.3;
				MTL_ENABLE_DEBUG_INFO = NO;
				SDKROOT = iphoneos;
				VALIDATE_PRODUCT = YES;
			};
			name = Release;
		};
		0827702A1B5CC1ED00B602C6 /* Debug */ = {
			isa = XCBuildConfiguration;
			buildSettings = {
				ASSETCATALOG_COMPILER_APPICON_NAME = AppIcon;
				INFOPLIST_FILE = Interview_Application/Info.plist;
				LD_RUNPATH_SEARCH_PATHS = "$(inherited) @executable_path/Frameworks";
				PRODUCT_NAME = "$(TARGET_NAME)";
			};
			name = Debug;
		};
		0827702B1B5CC1ED00B602C6 /* Release */ = {
			isa = XCBuildConfiguration;
			buildSettings = {
				ASSETCATALOG_COMPILER_APPICON_NAME = AppIcon;
				INFOPLIST_FILE = Interview_Application/Info.plist;
				LD_RUNPATH_SEARCH_PATHS = "$(inherited) @executable_path/Frameworks";
				PRODUCT_NAME = "$(TARGET_NAME)";
			};
			name = Release;
		};
/* End XCBuildConfiguration section */

/* Begin XCConfigurationList section */
		082770011B5CC1EC00B602C6 /* Build configuration list for PBXProject "Interview_Application" */ = {
			isa = XCConfigurationList;
			buildConfigurations = (
				082770271B5CC1ED00B602C6 /* Debug */,
				082770281B5CC1ED00B602C6 /* Release */,
			);
			defaultConfigurationIsVisible = 0;
			defaultConfigurationName = Release;
		};
		082770291B5CC1ED00B602C6 /* Build configuration list for PBXNativeTarget "Interview_Application" */ = {
			isa = XCConfigurationList;
			buildConfigurations = (
				0827702A1B5CC1ED00B602C6 /* Debug */,
				0827702B1B5CC1ED00B602C6 /* Release */,
			);
			defaultConfigurationIsVisible = 0;
			defaultConfigurationName = Release;
		};
/* End XCConfigurationList section */
	};
	rootObject = 08276FFE1B5CC1EC00B602C6 /* Project object */;
}
