// !$*UTF8*$!
{
	archiveVersion = 1;
	classes = {
	};
	objectVersion = 46;
	objects = {

/* Begin PBXBuildFile section */
		0827700C1B5CC1EC00B602C6 /* main.m in Sources */ = {isa = PBXBuildFile; fileRef = 0827700B1B5CC1EC00B602C6 /* main.m */; };
		0827700F1B5CC1EC00B602C6 /* AppDelegate.m in Sources */ = {isa = PBXBuildFile; fileRef = 0827700E1B5CC1EC00B602C6 /* AppDelegate.m */; };
		082770121B5CC1EC00B602C6 /* ViewController.m in Sources */ = {isa = PBXBuildFile; fileRef = 082770111B5CC1EC00B602C6 /* ViewController.m */; };
		082770151B5CC1EC00B602C6 /* Main.storyboard in Resources */ = {isa = PBXBuildFile; fileRef = 082770131B5CC1EC00B602C6 /* Main.storyboard */; };
		082770171B5CC1EC00B602C6 /* Images.xcassets in Resources */ = {isa = PBXBuildFile; fileRef = 082770161B5CC1EC00B602C6 /* Images.xcassets */; };
		0827701A1B5CC1EC00B602C6 /* LaunchScreen.xib in Resources */ = {isa = PBXBuildFile; fileRef = 082770181B5CC1EC00B602C6 /* LaunchScreen.xib */; };
		082770261B5CC1ED00B602C6 /* Interview_ApplicationTests.m in Sources */ = {isa = PBXBuildFile; fileRef = 082770251B5CC1ED00B602C6 /* Interview_ApplicationTests.m */; };
/* End PBXBuildFile section */

/* Begin PBXContainerItemProxy section */
		082770201B5CC1ED00B602C6 /* PBXContainerItemProxy */ = {
			isa = PBXContainerItemProxy;
			containerPortal = 08276FFE1B5CC1EC00B602C6 /* Project object */;
			proxyType = 1;
			remoteGlobalIDString = 082770051B5CC1EC00B602C6;
			remoteInfo = Interview_Application;
		};
/* End PBXContainerItemProxy section */

/* Begin PBXFileReference section */
		082770061B5CC1EC00B602C6 /* Interview_Application.app */ = {isa = PBXFileReference; explicitFileType = wrapper.application; includeInIndex = 0; path = Interview_Application.app; sourceTree = BUILT_PRODUCTS_DIR; };
		0827700A1B5CC1EC00B602C6 /* Info.plist */ = {isa = PBXFileReference; lastKnownFileType = text.plist.xml; path = Info.plist; sourceTree = "<group>"; };
		0827700B1B5CC1EC00B602C6 /* main.m */ = {isa = PBXFileReference; lastKnownFileType = sourcecode.c.objc; path = main.m; sourceTree = "<group>"; };
		0827700D1B5CC1EC00B602C6 /* AppDelegate.h */ = {isa = PBXFileReference; lastKnownFileType = sourcecode.c.h; path = AppDelegate.h; sourceTree = "<group>"; };
		0827700E1B5CC1EC00B602C6 /* AppDelegate.m */ = {isa = PBXFileReference; lastKnownFileType = sourcecode.c.objc; path = AppDelegate.m; sourceTree = "<group>"; };
		082770101B5CC1EC00B602C6 /* ViewController.h */ = {isa = PBXFileReference; lastKnownFileType = sourcecode.c.h; path = ViewController.h; sourceTree = "<group>"; };
		082770111B5CC1EC00B602C6 /* ViewController.m */ = {isa = PBXFileReference; lastKnownFileType = sourcecode.c.objc; path = ViewController.m; sourceTree = "<group>"; };
		082770141B5CC1EC00B602C6 /* Base */ = {isa = PBXFileReference; lastKnownFileType = file.storyboard; name = Base; path = Base.lproj/Main.storyboard; sourceTree = "<group>"; };
		082770161B5CC1EC00B602C6 /* Images.xcassets */ = {isa = PBXFileReference; lastKnownFileType = folder.assetcatalog; path = Images.xcassets; sourceTree = "<group>"; };
		082770191B5CC1EC00B602C6 /* Base */ = {isa = PBXFileReference; lastKnownFileType = file.xib; name = Base; path = Base.lproj/LaunchScreen.xib; sourceTree = "<group>"; };
		0827701F1B5CC1ED00B602C6 /* Interview_ApplicationTests.xctest */ = {isa = PBXFileReference; explicitFileType = wrapper.cfbundle; includeInIndex = 0; path = Interview_ApplicationTests.xctest; sourceTree = BUILT_PRODUCTS_DIR; };
		082770241B5CC1ED00B602C6 /* Info.plist */ = {isa = PBXFileReference; lastKnownFileType = text.plist.xml; path = Info.plist; sourceTree = "<group>"; };
		082770251B5CC1ED00B602C6 /* Interview_ApplicationTests.m */ = {isa = PBXFileReference; lastKnownFileType = sourcecode.c.objc; path = Interview_ApplicationTests.m; sourceTree = "<group>"; };
/* End PBXFileReference section */

/* Begin PBXFrameworksBuildPhase section */
		082770031B5CC1EC00B602C6 /* Frameworks */ = {
			isa = PBXFrameworksBuildPhase;
			buildActionMask = 2147483647;
			files = (
			);
			runOnlyForDeploymentPostprocessing = 0;
		};
		0827701C1B5CC1ED00B602C6 /* Frameworks */ = {
			isa = PBXFrameworksBuildPhase;
			buildActionMask = 2147483647;
			files = (
			);
			runOnlyForDeploymentPostprocessing = 0;
		};
/* End PBXFrameworksBuildPhase section */

/* Begin PBXGroup section */
		08276FFD1B5CC1EC00B602C6 = {
			isa = PBXGroup;
			children = (
				082770081B5CC1EC00B602C6 /* Interview_Application */,
				082770221B5CC1ED00B602C6 /* Interview_ApplicationTests */,
				082770071B5CC1EC00B602C6 /* Products */,
			);
			sourceTree = "<group>";
		};
		082770071B5CC1EC00B602C6 /* Products */ = {
			isa = PBXGroup;
			children = (
				082770061B5CC1EC00B602C6 /* Interview_Application.app */,
				0827701F1B5CC1ED00B602C6 /* Interview_ApplicationTests.xctest */,
			);
			name = Products;
			sourceTree = "<group>";
		};
		082770081B5CC1EC00B602C6 /* Interview_Application */ = {
			isa = PBXGroup;
			children = (
				0827700D1B5CC1EC00B602C6 /* AppDelegate.h */,
				0827700E1B5CC1EC00B602C6 /* AppDelegate.m */,
				082770101B5CC1EC00B602C6 /* ViewController.h */,
				082770111B5CC1EC00B602C6 /* ViewController.m */,
				082770131B5CC1EC00B602C6 /* Main.storyboard */,
				082770161B5CC1EC00B602C6 /* Images.xcassets */,
				082770181B5CC1EC00B602C6 /* LaunchScreen.xib */,
				082770091B5CC1EC00B602C6 /* Supporting Files */,
			);
			path = Interview_Application;
			sourceTree = "<group>";
		};
		082770091B5CC1EC00B602C6 /* Supporting Files */ = {
			isa = PBXGroup;
			children = (
				0827700A1B5CC1EC00B602C6 /* Info.plist */,
				0827700B1B5CC1EC00B602C6 /* main.m */,
			);
			name = "Supporting Files";
			sourceTree = "<group>";
		};
		082770221B5CC1ED00B602C6 /* Interview_ApplicationTests */ = {
			isa = PBXGroup;
			children = (
				082770251B5CC1ED00B602C6 /* Interview_ApplicationTests.m */,
				082770231B5CC1ED00B602C6 /* Supporting Files */,
			);
			path = Interview_ApplicationTests;
			sourceTree = "<group>";
		};
		082770231B5CC1ED00B602C6 /* Supporting Files */ = {
			isa = PBXGroup;
			children = (
				082770241B5CC1ED00B602C6 /* Info.plist */,
			);
			name = "Supporting Files";
			sourceTree = "<group>";
		};
/* End PBXGroup section */

/* Begin PBXNativeTarget section */
		082770051B5CC1EC00B602C6 /* Interview_Application */ = {
			isa = PBXNativeTarget;
			buildConfigurationList = 082770291B5CC1ED00B602C6 /* Build configuration list for PBXNativeTarget "Interview_Application" */;
			buildPhases = (
				082770021B5CC1EC00B602C6 /* Sources */,
				082770031B5CC1EC00B602C6 /* Frameworks */,
				082770041B5CC1EC00B602C6 /* Resources */,
			);
			buildRules = (
			);
			dependencies = (
			);
			name = Interview_Application;
			productName = Interview_Application;
			productReference = 082770061B5CC1EC00B602C6 /* Interview_Application.app */;
			productType = "com.apple.product-type.application";
		};
		0827701E1B5CC1ED00B602C6 /* Interview_ApplicationTests */ = {
			isa = PBXNativeTarget;
			buildConfigurationList = 0827702C1B5CC1ED00B602C6 /* Build configuration list for PBXNativeTarget "Interview_ApplicationTests" */;
			buildPhases = (
				0827701B1B5CC1ED00B602C6 /* Sources */,
				0827701C1B5CC1ED00B602C6 /* Frameworks */,
				0827701D1B5CC1ED00B602C6 /* Resources */,
			);
			buildRules = (
			);
			dependencies = (
				082770211B5CC1ED00B602C6 /* PBXTargetDependency */,
			);
			name = Interview_ApplicationTests;
			productName = Interview_ApplicationTests;
			productReference = 0827701F1B5CC1ED00B602C6 /* Interview_ApplicationTests.xctest */;
			productType = "com.apple.product-type.bundle.unit-test";
		};
/* End PBXNativeTarget section */

/* Begin PBXProject section */
		08276FFE1B5CC1EC00B602C6 /* Project object */ = {
			isa = PBXProject;
			attributes = {
				LastUpgradeCheck = 0630;
				ORGANIZATIONNAME = "Swathi Rathan";
				TargetAttributes = {
					082770051B5CC1EC00B602C6 = {
						CreatedOnToolsVersion = 6.3.1;
					};
					0827701E1B5CC1ED00B602C6 = {
						CreatedOnToolsVersion = 6.3.1;
						TestTargetID = 082770051B5CC1EC00B602C6;
					};
				};
			};
			buildConfigurationList = 082770011B5CC1EC00B602C6 /* Build configuration list for PBXProject "Interview_Application" */;
			compatibilityVersion = "Xcode 3.2";
			developmentRegion = English;
			hasScannedForEncodings = 0;
			knownRegions = (
				en,
				Base,
			);
			mainGroup = 08276FFD1B5CC1EC00B602C6;
			productRefGroup = 082770071B5CC1EC00B602C6 /* Products */;
			projectDirPath = "";
			projectRoot = "";
			targets = (
				082770051B5CC1EC00B602C6 /* Interview_Application */,
				0827701E1B5CC1ED00B602C6 /* Interview_ApplicationTests */,
			);
		};
/* End PBXProject section */

/* Begin PBXResourcesBuildPhase section */
		082770041B5CC1EC00B602C6 /* Resources */ = {
			isa = PBXResourcesBuildPhase;
			buildActionMask = 2147483647;
			files = (
				082770151B5CC1EC00B602C6 /* Main.storyboard in Resources */,
				0827701A1B5CC1EC00B602C6 /* LaunchScreen.xib in Resources */,
				082770171B5CC1EC00B602C6 /* Images.xcassets in Resources */,
			);
			runOnlyForDeploymentPostprocessing = 0;
		};
		0827701D1B5CC1ED00B602C6 /* Resources */ = {
			isa = PBXResourcesBuildPhase;
			buildActionMask = 2147483647;
			files = (
			);
			runOnlyForDeploymentPostprocessing = 0;
		};
/* End PBXResourcesBuildPhase section */

/* Begin PBXSourcesBuildPhase section */
		082770021B5CC1EC00B602C6 /* Sources */ = {
			isa = PBXSourcesBuildPhase;
			buildActionMask = 2147483647;
			files = (
				082770121B5CC1EC00B602C6 /* ViewController.m in Sources */,
				0827700F1B5CC1EC00B602C6 /* AppDelegate.m in Sources */,
				0827700C1B5CC1EC00B602C6 /* main.m in Sources */,
			);
			runOnlyForDeploymentPostprocessing = 0;
		};
		0827701B1B5CC1ED00B602C6 /* Sources */ = {
			isa = PBXSourcesBuildPhase;
			buildActionMask = 2147483647;
			files = (
				082770261B5CC1ED00B602C6 /* Interview_ApplicationTests.m in Sources */,
			);
			runOnlyForDeploymentPostprocessing = 0;
		};
/* End PBXSourcesBuildPhase section */

/* Begin PBXTargetDependency section */
		082770211B5CC1ED00B602C6 /* PBXTargetDependency */ = {
			isa = PBXTargetDependency;
			target = 082770051B5CC1EC00B602C6 /* Interview_Application */;
			targetProxy = 082770201B5CC1ED00B602C6 /* PBXContainerItemProxy */;
		};
/* End PBXTargetDependency section */

/* Begin PBXVariantGroup section */
		082770131B5CC1EC00B602C6 /* Main.storyboard */ = {
			isa = PBXVariantGroup;
			children = (
				082770141B5CC1EC00B602C6 /* Base */,
			);
			name = Main.storyboard;
			sourceTree = "<group>";
		};
		082770181B5CC1EC00B602C6 /* LaunchScreen.xib */ = {
			isa = PBXVariantGroup;
			children = (
				082770191B5CC1EC00B602C6 /* Base */,
			);
			name = LaunchScreen.xib;
			sourceTree = "<group>";
		};
/* End PBXVariantGroup section */

/* Begin XCBuildConfiguration section */
		082770271B5CC1ED00B602C6 /* Debug */ = {
			isa = XCBuildConfiguration;
			buildSettings = {
				ALWAYS_SEARCH_USER_PATHS = NO;
				CLANG_CXX_LANGUAGE_STANDARD = "gnu++0x";
				CLANG_CXX_LIBRARY = "libc++";
				CLANG_ENABLE_MODULES = YES;
				CLANG_ENABLE_OBJC_ARC = YES;
				CLANG_WARN_BOOL_CONVERSION = YES;
				CLANG_WARN_CONSTANT_CONVERSION = YES;
				CLANG_WARN_DIRECT_OBJC_ISA_USAGE = YES_ERROR;
				CLANG_WARN_EMPTY_BODY = YES;
				CLANG_WARN_ENUM_CONVERSION = YES;
				CLANG_WARN_INT_CONVERSION = YES;
				CLANG_WARN_OBJC_ROOT_CLASS = YES_ERROR;
				CLANG_WARN_UNREACHABLE_CODE = YES;
				CLANG_WARN__DUPLICATE_METHOD_MATCH = YES;
				"CODE_SIGN_IDENTITY[sdk=iphoneos*]" = "iPhone Developer";
				COPY_PHASE_STRIP = NO;
				DEBUG_INFORMATION_FORMAT = "dwarf-with-dsym";
				ENABLE_STRICT_OBJC_MSGSEND = YES;
				GCC_C_LANGUAGE_STANDARD = gnu99;
				GCC_DYNAMIC_NO_PIC = NO;
				GCC_NO_COMMON_BLOCKS = YES;
				GCC_OPTIMIZATION_LEVEL = 0;
				GCC_PREPROCESSOR_DEFINITIONS = (
					"DEBUG=1",
					"$(inherited)",
				);
				GCC_SYMBOLS_PRIVATE_EXTERN = NO;
				GCC_WARN_64_TO_32_BIT_CONVERSION = YES;
				GCC_WARN_ABOUT_RETURN_TYPE = YES_ERROR;
				GCC_WARN_UNDECLARED_SELECTOR = YES;
				GCC_WARN_UNINITIALIZED_AUTOS = YES_AGGRESSIVE;
				GCC_WARN_UNUSED_FUNCTION = YES;
				GCC_WARN_UNUSED_VARIABLE = YES;
				IPHONEOS_DEPLOYMENT_TARGET = 8.3;
				MTL_ENABLE_DEBUG_INFO = YES;
				ONLY_ACTIVE_ARCH = YES;
				SDKROOT = iphoneos;
			};
			name = Debug;
		};
		082770281B5CC1ED00B602C6 /* Release */ = {
			isa = XCBuildConfiguration;
			buildSettings = {
				ALWAYS_SEARCH_USER_PATHS = NO;
				CLANG_CXX_LANGUAGE_STANDARD = "gnu++0x";
				CLANG_CXX_LIBRARY = "libc++";
				CLANG_ENABLE_MODULES = YES;
				CLANG_ENABLE_OBJC_ARC = YES;
				CLANG_WARN_BOOL_CONVERSION = YES;
				CLANG_WARN_CONSTANT_CONVERSION = YES;
				CLANG_WARN_DIRECT_OBJC_ISA_USAGE = YES_ERROR;
				CLANG_WARN_EMPTY_BODY = YES;
				CLANG_WARN_ENUM_CONVERSION = YES;
				CLANG_WARN_INT_CONVERSION = YES;
				CLANG_WARN_OBJC_ROOT_CLASS = YES_ERROR;
				CLANG_WARN_UNREACHABLE_CODE = YES;
				CLANG_WARN__DUPLICATE_METHOD_MATCH = YES;
				"CODE_SIGN_IDENTITY[sdk=iphoneos*]" = "iPhone Developer";
				COPY_PHASE_STRIP = NO;
				DEBUG_INFORMATION_FORMAT = "dwarf-with-dsym";
				ENABLE_NS_ASSERTIONS = NO;
				ENABLE_STRICT_OBJC_MSGSEND = YES;
				GCC_C_LANGUAGE_STANDARD = gnu99;
				GCC_NO_COMMON_BLOCKS = YES;
				GCC_WARN_64_TO_32_BIT_CONVERSION = YES;
				GCC_WARN_ABOUT_RETURN_TYPE = YES_ERROR;
				GCC_WARN_UNDECLARED_SELECTOR = YES;
				GCC_WARN_UNINITIALIZED_AUTOS = YES_AGGRESSIVE;
				GCC_WARN_UNUSED_FUNCTION = YES;
				GCC_WARN_UNUSED_VARIABLE = YES;
				IPHONEOS_DEPLOYMENT_TARGET = 8.3;
				MTL_ENABLE_DEBUG_INFO = NO;
				SDKROOT = iphoneos;
				VALIDATE_PRODUCT = YES;
			};
			name = Release;
		};
		0827702A1B5CC1ED00B602C6 /* Debug */ = {
			isa = XCBuildConfiguration;
			buildSettings = {
				ASSETCATALOG_COMPILER_APPICON_NAME = AppIcon;
				INFOPLIST_FILE = Interview_Application/Info.plist;
				LD_RUNPATH_SEARCH_PATHS = "$(inherited) @executable_path/Frameworks";
				PRODUCT_NAME = "$(TARGET_NAME)";
			};
			name = Debug;
		};
		0827702B1B5CC1ED00B602C6 /* Release */ = {
			isa = XCBuildConfiguration;
			buildSettings = {
				ASSETCATALOG_COMPILER_APPICON_NAME = AppIcon;
				INFOPLIST_FILE = Interview_Application/Info.plist;
				LD_RUNPATH_SEARCH_PATHS = "$(inherited) @executable_path/Frameworks";
				PRODUCT_NAME = "$(TARGET_NAME)";
			};
			name = Release;
		};
		0827702D1B5CC1ED00B602C6 /* Debug */ = {
			isa = XCBuildConfiguration;
			buildSettings = {
				BUNDLE_LOADER = "$(TEST_HOST)";
				FRAMEWORK_SEARCH_PATHS = (
					"$(SDKROOT)/Developer/Library/Frameworks",
					"$(inherited)",
				);
				GCC_PREPROCESSOR_DEFINITIONS = (
					"DEBUG=1",
					"$(inherited)",
				);
				INFOPLIST_FILE = Interview_ApplicationTests/Info.plist;
				LD_RUNPATH_SEARCH_PATHS = "$(inherited) @executable_path/Frameworks @loader_path/Frameworks";
				PRODUCT_NAME = "$(TARGET_NAME)";
				TEST_HOST = "$(BUILT_PRODUCTS_DIR)/Interview_Application.app/Interview_Application";
			};
			name = Debug;
		};
		0827702E1B5CC1ED00B602C6 /* Release */ = {
			isa = XCBuildConfiguration;
			buildSettings = {
				BUNDLE_LOADER = "$(TEST_HOST)";
				FRAMEWORK_SEARCH_PATHS = (
					"$(SDKROOT)/Developer/Library/Frameworks",
					"$(inherited)",
				);
				INFOPLIST_FILE = Interview_ApplicationTests/Info.plist;
				LD_RUNPATH_SEARCH_PATHS = "$(inherited) @executable_path/Frameworks @loader_path/Frameworks";
				PRODUCT_NAME = "$(TARGET_NAME)";
				TEST_HOST = "$(BUILT_PRODUCTS_DIR)/Interview_Application.app/Interview_Application";
			};
			name = Release;
		};
/* End XCBuildConfiguration section */

/* Begin XCConfigurationList section */
		082770011B5CC1EC00B602C6 /* Build configuration list for PBXProject "Interview_Application" */ = {
			isa = XCConfigurationList;
			buildConfigurations = (
				082770271B5CC1ED00B602C6 /* Debug */,
				082770281B5CC1ED00B602C6 /* Release */,
			);
			defaultConfigurationIsVisible = 0;
			defaultConfigurationName = Release;
		};
		082770291B5CC1ED00B602C6 /* Build configuration list for PBXNativeTarget "Interview_Application" */ = {
			isa = XCConfigurationList;
			buildConfigurations = (
				0827702A1B5CC1ED00B602C6 /* Debug */,
				0827702B1B5CC1ED00B602C6 /* Release */,
			);
			defaultConfigurationIsVisible = 0;
		};
		0827702C1B5CC1ED00B602C6 /* Build configuration list for PBXNativeTarget "Interview_ApplicationTests" */ = {
			isa = XCConfigurationList;
			buildConfigurations = (
				0827702D1B5CC1ED00B602C6 /* Debug */,
				0827702E1B5CC1ED00B602C6 /* Release */,
			);
			defaultConfigurationIsVisible = 0;
		};
/* End XCConfigurationList section */
	};
	rootObject = 08276FFE1B5CC1EC00B602C6 /* Project object */;
}
